// !$*UTF8*$!
{
	archiveVersion = 1;
	classes = {
	};
	objectVersion = 46;
	objects = {

/* Begin PBXBuildFile section */
		67B87F87B8AACFEA9DDF522B /* libPods.a in Frameworks */ = {isa = PBXBuildFile; fileRef = 04D59912D6BC0125CAB36829 /* libPods.a */; };
		6EC2D44B1B77C941005684A2 /* AppDelegate.m in Sources */ = {isa = PBXBuildFile; fileRef = 6EEF392C1B72A672004C2C24 /* AppDelegate.m */; };
		6EC2D44C1B77C941005684A2 /* main.m in Sources */ = {isa = PBXBuildFile; fileRef = 6EEF39291B72A672004C2C24 /* main.m */; };
		6EC2D44D1B77C941005684A2 /* ViewController.m in Sources */ = {isa = PBXBuildFile; fileRef = 6EEF39321B72A673004C2C24 /* ViewController.m */; };
		6EC2D44E1B77C941005684A2 /* OneShot.xcdatamodeld in Sources */ = {isa = PBXBuildFile; fileRef = 6EEF392E1B72A672004C2C24 /* OneShot.xcdatamodeld */; };
		6EC2D4501B77C941005684A2 /* libPods.a in Frameworks */ = {isa = PBXBuildFile; fileRef = 04D59912D6BC0125CAB36829 /* libPods.a */; };
		6EC2D4551B77C941005684A2 /* Images.xcassets in Resources */ = {isa = PBXBuildFile; fileRef = 6EEF39371B72A673004C2C24 /* Images.xcassets */; };
		6EEF392A1B72A672004C2C24 /* main.m in Sources */ = {isa = PBXBuildFile; fileRef = 6EEF39291B72A672004C2C24 /* main.m */; };
		6EEF392D1B72A672004C2C24 /* AppDelegate.m in Sources */ = {isa = PBXBuildFile; fileRef = 6EEF392C1B72A672004C2C24 /* AppDelegate.m */; };
		6EEF39301B72A672004C2C24 /* OneShot.xcdatamodeld in Sources */ = {isa = PBXBuildFile; fileRef = 6EEF392E1B72A672004C2C24 /* OneShot.xcdatamodeld */; };
		6EEF39331B72A673004C2C24 /* ViewController.m in Sources */ = {isa = PBXBuildFile; fileRef = 6EEF39321B72A673004C2C24 /* ViewController.m */; };
		6EEF39381B72A673004C2C24 /* Images.xcassets in Resources */ = {isa = PBXBuildFile; fileRef = 6EEF39371B72A673004C2C24 /* Images.xcassets */; };
		6EEF39471B72A673004C2C24 /* OneShotTests.m in Sources */ = {isa = PBXBuildFile; fileRef = 6EEF39461B72A673004C2C24 /* OneShotTests.m */; };
		6EEF39651B7522F4004C2C24 /* InfoPlist.strings in Resources */ = {isa = PBXBuildFile; fileRef = 6EEF39671B7522F4004C2C24 /* InfoPlist.strings */; };
/* End PBXBuildFile section */

/* Begin PBXContainerItemProxy section */
		6EEF39411B72A673004C2C24 /* PBXContainerItemProxy */ = {
			isa = PBXContainerItemProxy;
			containerPortal = 6EEF391C1B72A672004C2C24 /* Project object */;
			proxyType = 1;
			remoteGlobalIDString = 6EEF39231B72A672004C2C24;
			remoteInfo = OneShot;
		};
/* End PBXContainerItemProxy section */

/* Begin PBXFileReference section */
		04D59912D6BC0125CAB36829 /* libPods.a */ = {isa = PBXFileReference; explicitFileType = archive.ar; includeInIndex = 0; path = libPods.a; sourceTree = BUILT_PRODUCTS_DIR; };
		3D37D06452405FD3CB83521C /* Pods.debug.xcconfig */ = {isa = PBXFileReference; includeInIndex = 1; lastKnownFileType = text.xcconfig; name = Pods.debug.xcconfig; path = "Pods/Target Support Files/Pods/Pods.debug.xcconfig"; sourceTree = "<group>"; };
		6EC2D45E1B77C941005684A2 /* OneShot beta.app */ = {isa = PBXFileReference; explicitFileType = wrapper.application; includeInIndex = 0; path = "OneShot beta.app"; sourceTree = BUILT_PRODUCTS_DIR; };
		6EC2D4651B77CF21005684A2 /* Base */ = {isa = PBXFileReference; lastKnownFileType = text.plist.xml; name = Base; path = "Base.lproj/Info-beta.plist"; sourceTree = "<group>"; };
		6EC2D4701B79C810005684A2 /* zh-Hant */ = {isa = PBXFileReference; lastKnownFileType = text.plist.strings; name = "zh-Hant"; path = "zh-Hant.lproj/Main.strings"; sourceTree = "<group>"; };
		6EEF39241B72A672004C2C24 /* OneShot.app */ = {isa = PBXFileReference; explicitFileType = wrapper.application; includeInIndex = 0; path = OneShot.app; sourceTree = BUILT_PRODUCTS_DIR; };
		6EEF39291B72A672004C2C24 /* main.m */ = {isa = PBXFileReference; lastKnownFileType = sourcecode.c.objc; path = main.m; sourceTree = "<group>"; };
		6EEF392B1B72A672004C2C24 /* AppDelegate.h */ = {isa = PBXFileReference; lastKnownFileType = sourcecode.c.h; path = AppDelegate.h; sourceTree = "<group>"; };
		6EEF392C1B72A672004C2C24 /* AppDelegate.m */ = {isa = PBXFileReference; lastKnownFileType = sourcecode.c.objc; path = AppDelegate.m; sourceTree = "<group>"; };
		6EEF392F1B72A672004C2C24 /* OneShot.xcdatamodel */ = {isa = PBXFileReference; lastKnownFileType = wrapper.xcdatamodel; path = OneShot.xcdatamodel; sourceTree = "<group>"; };
		6EEF39311B72A673004C2C24 /* ViewController.h */ = {isa = PBXFileReference; lastKnownFileType = sourcecode.c.h; path = ViewController.h; sourceTree = "<group>"; };
		6EEF39321B72A673004C2C24 /* ViewController.m */ = {isa = PBXFileReference; lastKnownFileType = sourcecode.c.objc; path = ViewController.m; sourceTree = "<group>"; };
		6EEF39351B72A673004C2C24 /* Base */ = {isa = PBXFileReference; lastKnownFileType = file.storyboard; name = Base; path = Base.lproj/Main.storyboard; sourceTree = "<group>"; };
		6EEF39371B72A673004C2C24 /* Images.xcassets */ = {isa = PBXFileReference; lastKnownFileType = folder.assetcatalog; path = Images.xcassets; sourceTree = "<group>"; };
		6EEF393A1B72A673004C2C24 /* Base */ = {isa = PBXFileReference; lastKnownFileType = file.xib; name = Base; path = Base.lproj/LaunchScreen.xib; sourceTree = "<group>"; };
		6EEF39401B72A673004C2C24 /* OneShotTests.xctest */ = {isa = PBXFileReference; explicitFileType = wrapper.cfbundle; includeInIndex = 0; path = OneShotTests.xctest; sourceTree = BUILT_PRODUCTS_DIR; };
		6EEF39451B72A673004C2C24 /* Info.plist */ = {isa = PBXFileReference; lastKnownFileType = text.plist.xml; path = Info.plist; sourceTree = "<group>"; };
		6EEF39461B72A673004C2C24 /* OneShotTests.m */ = {isa = PBXFileReference; lastKnownFileType = sourcecode.c.objc; path = OneShotTests.m; sourceTree = "<group>"; };
		6EEF39591B74DC4F004C2C24 /* Base */ = {isa = PBXFileReference; lastKnownFileType = text.plist.strings; name = Base; path = Base.lproj/Localizable.strings; sourceTree = "<group>"; };
		6EEF39611B7521E0004C2C24 /* zh-Hant */ = {isa = PBXFileReference; lastKnownFileType = text.plist.strings; name = "zh-Hant"; path = "zh-Hant.lproj/LaunchScreen.strings"; sourceTree = "<group>"; };
		6EEF39621B7521E0004C2C24 /* zh-Hant */ = {isa = PBXFileReference; lastKnownFileType = text.plist.strings; name = "zh-Hant"; path = "zh-Hant.lproj/Localizable.strings"; sourceTree = "<group>"; };
		6EEF39661B7522F4004C2C24 /* zh-Hant */ = {isa = PBXFileReference; lastKnownFileType = text.plist.strings; name = "zh-Hant"; path = "zh-Hant.lproj/InfoPlist.strings"; sourceTree = "<group>"; };
		6EEF396B1B7522F4004C2C24 /* zh-Hant */ = {isa = PBXFileReference; lastKnownFileType = text.plist.strings; name = "zh-Hant"; path = "zh-Hant.lproj/InfoPlist.strings"; sourceTree = "<group>"; };
		6EEF396D1B75238D004C2C24 /* Base */ = {isa = PBXFileReference; lastKnownFileType = text.plist.xml; name = Base; path = Base.lproj/Info.plist; sourceTree = "<group>"; };
		FD62539A3B82CC8CB6AE8C85 /* Pods.release.xcconfig */ = {isa = PBXFileReference; includeInIndex = 1; lastKnownFileType = text.xcconfig; name = Pods.release.xcconfig; path = "Pods/Target Support Files/Pods/Pods.release.xcconfig"; sourceTree = "<group>"; };
/* End PBXFileReference section */

/* Begin PBXFrameworksBuildPhase section */
		6EC2D44F1B77C941005684A2 /* Frameworks */ = {
			isa = PBXFrameworksBuildPhase;
			buildActionMask = 2147483647;
			files = (
				6EC2D4501B77C941005684A2 /* libPods.a in Frameworks */,
			);
			runOnlyForDeploymentPostprocessing = 0;
		};
		6EEF39211B72A672004C2C24 /* Frameworks */ = {
			isa = PBXFrameworksBuildPhase;
			buildActionMask = 2147483647;
			files = (
				67B87F87B8AACFEA9DDF522B /* libPods.a in Frameworks */,
			);
			runOnlyForDeploymentPostprocessing = 0;
		};
		6EEF393D1B72A673004C2C24 /* Frameworks */ = {
			isa = PBXFrameworksBuildPhase;
			buildActionMask = 2147483647;
			files = (
			);
			runOnlyForDeploymentPostprocessing = 0;
		};
/* End PBXFrameworksBuildPhase section */

/* Begin PBXGroup section */
		0502FA05D0D88355263CDAE2 /* Pods */ = {
			isa = PBXGroup;
			children = (
				3D37D06452405FD3CB83521C /* Pods.debug.xcconfig */,
				FD62539A3B82CC8CB6AE8C85 /* Pods.release.xcconfig */,
			);
			name = Pods;
			sourceTree = "<group>";
		};
		6EEF391B1B72A672004C2C24 = {
			isa = PBXGroup;
			children = (
				6EEF39261B72A672004C2C24 /* OneShot */,
				6EEF39431B72A673004C2C24 /* OneShotTests */,
				6EEF39251B72A672004C2C24 /* Products */,
				0502FA05D0D88355263CDAE2 /* Pods */,
				B3DDF7849C81FECBE7F2F407 /* Frameworks */,
			);
			sourceTree = "<group>";
		};
		6EEF39251B72A672004C2C24 /* Products */ = {
			isa = PBXGroup;
			children = (
				6EEF39241B72A672004C2C24 /* OneShot.app */,
				6EEF39401B72A673004C2C24 /* OneShotTests.xctest */,
				6EC2D45E1B77C941005684A2 /* OneShot beta.app */,
			);
			name = Products;
			sourceTree = "<group>";
		};
		6EEF39261B72A672004C2C24 /* OneShot */ = {
			isa = PBXGroup;
			children = (
				6EEF392B1B72A672004C2C24 /* AppDelegate.h */,
				6EEF392C1B72A672004C2C24 /* AppDelegate.m */,
				6EEF39311B72A673004C2C24 /* ViewController.h */,
				6EEF39321B72A673004C2C24 /* ViewController.m */,
				6EEF39341B72A673004C2C24 /* Main.storyboard */,
				6EEF39371B72A673004C2C24 /* Images.xcassets */,
				6EEF39391B72A673004C2C24 /* LaunchScreen.xib */,
				6EEF392E1B72A672004C2C24 /* OneShot.xcdatamodeld */,
				6EEF39271B72A672004C2C24 /* Supporting Files */,
			);
			path = OneShot;
			sourceTree = "<group>";
		};
		6EEF39271B72A672004C2C24 /* Supporting Files */ = {
			isa = PBXGroup;
			children = (
				6EC2D4641B77CF21005684A2 /* Info-beta.plist */,
				6EEF396E1B75238D004C2C24 /* Info.plist */,
				6EEF396C1B7522F4004C2C24 /* InfoPlist.strings */,
				6EEF39291B72A672004C2C24 /* main.m */,
				6EEF395A1B74DC4F004C2C24 /* Localizable.strings */,
			);
			name = "Supporting Files";
			sourceTree = "<group>";
		};
		6EEF39431B72A673004C2C24 /* OneShotTests */ = {
			isa = PBXGroup;
			children = (
				6EEF39461B72A673004C2C24 /* OneShotTests.m */,
				6EEF39441B72A673004C2C24 /* Supporting Files */,
			);
			path = OneShotTests;
			sourceTree = "<group>";
		};
		6EEF39441B72A673004C2C24 /* Supporting Files */ = {
			isa = PBXGroup;
			children = (
				6EEF39671B7522F4004C2C24 /* InfoPlist.strings */,
				6EEF39451B72A673004C2C24 /* Info.plist */,
			);
			name = "Supporting Files";
			sourceTree = "<group>";
		};
		B3DDF7849C81FECBE7F2F407 /* Frameworks */ = {
			isa = PBXGroup;
			children = (
				04D59912D6BC0125CAB36829 /* libPods.a */,
			);
			name = Frameworks;
			sourceTree = "<group>";
		};
/* End PBXGroup section */

/* Begin PBXNativeTarget section */
		6EC2D4481B77C941005684A2 /* OneShot beta */ = {
			isa = PBXNativeTarget;
			buildConfigurationList = 6EC2D45B1B77C941005684A2 /* Build configuration list for PBXNativeTarget "OneShot beta" */;
			buildPhases = (
				6EC2D4491B77C941005684A2 /* Check Pods Manifest.lock */,
				6EC2D44A1B77C941005684A2 /* Sources */,
				6EC2D44F1B77C941005684A2 /* Frameworks */,
				6EC2D4511B77C941005684A2 /* Resources */,
				6EC2D4571B77C941005684A2 /* Build Number */,
				6EC2D4581B77C941005684A2 /* Version Number */,
				6EC2D4591B77C941005684A2 /* Copy Pods Resources */,
				6EC2D45A1B77C941005684A2 /* Fabric */,
			);
			buildRules = (
			);
			dependencies = (
			);
			name = "OneShot beta";
			productName = OneShot;
			productReference = 6EC2D45E1B77C941005684A2 /* OneShot beta.app */;
			productType = "com.apple.product-type.application";
		};
		6EEF39231B72A672004C2C24 /* OneShot */ = {
			isa = PBXNativeTarget;
			buildConfigurationList = 6EEF394A1B72A673004C2C24 /* Build configuration list for PBXNativeTarget "OneShot" */;
			buildPhases = (
				7D9765D41A61B4FD7CE001F2 /* Check Pods Manifest.lock */,
				6EEF39201B72A672004C2C24 /* Sources */,
				6EEF39211B72A672004C2C24 /* Frameworks */,
				6EEF39221B72A672004C2C24 /* Resources */,
				6EEF395E1B74E3C2004C2C24 /* Build Number */,
				6EEF395F1B74E983004C2C24 /* Version Number */,
				19675E60844CBB13FB5D0049 /* Copy Pods Resources */,
				6EC2D4281B771920005684A2 /* Fabric */,
			);
			buildRules = (
			);
			dependencies = (
			);
			name = OneShot;
			productName = OneShot;
			productReference = 6EEF39241B72A672004C2C24 /* OneShot.app */;
			productType = "com.apple.product-type.application";
		};
		6EEF393F1B72A673004C2C24 /* OneShotTests */ = {
			isa = PBXNativeTarget;
			buildConfigurationList = 6EEF394D1B72A673004C2C24 /* Build configuration list for PBXNativeTarget "OneShotTests" */;
			buildPhases = (
				6EEF393C1B72A673004C2C24 /* Sources */,
				6EEF393D1B72A673004C2C24 /* Frameworks */,
				6EEF393E1B72A673004C2C24 /* Resources */,
			);
			buildRules = (
			);
			dependencies = (
				6EEF39421B72A673004C2C24 /* PBXTargetDependency */,
			);
			name = OneShotTests;
			productName = OneShotTests;
			productReference = 6EEF39401B72A673004C2C24 /* OneShotTests.xctest */;
			productType = "com.apple.product-type.bundle.unit-test";
		};
/* End PBXNativeTarget section */

/* Begin PBXProject section */
		6EEF391C1B72A672004C2C24 /* Project object */ = {
			isa = PBXProject;
			attributes = {
				LastUpgradeCheck = 0640;
				ORGANIZATIONNAME = "tapgo Inc.";
				TargetAttributes = {
					6EEF39231B72A672004C2C24 = {
						CreatedOnToolsVersion = 6.4;
						DevelopmentTeam = GW5Z7US9NS;
					};
					6EEF393F1B72A673004C2C24 = {
						CreatedOnToolsVersion = 6.4;
						TestTargetID = 6EEF39231B72A672004C2C24;
					};
				};
			};
			buildConfigurationList = 6EEF391F1B72A672004C2C24 /* Build configuration list for PBXProject "OneShot" */;
			compatibilityVersion = "Xcode 3.2";
			developmentRegion = English;
			hasScannedForEncodings = 0;
			knownRegions = (
				en,
				Base,
				"zh-Hant",
			);
			mainGroup = 6EEF391B1B72A672004C2C24;
			productRefGroup = 6EEF39251B72A672004C2C24 /* Products */;
			projectDirPath = "";
			projectRoot = "";
			targets = (
				6EEF39231B72A672004C2C24 /* OneShot */,
				6EEF393F1B72A673004C2C24 /* OneShotTests */,
				6EC2D4481B77C941005684A2 /* OneShot beta */,
			);
		};
/* End PBXProject section */

/* Begin PBXResourcesBuildPhase section */
		6EC2D4511B77C941005684A2 /* Resources */ = {
			isa = PBXResourcesBuildPhase;
			buildActionMask = 2147483647;
			files = (
				6EC2D4551B77C941005684A2 /* Images.xcassets in Resources */,
			);
			runOnlyForDeploymentPostprocessing = 0;
		};
		6EEF39221B72A672004C2C24 /* Resources */ = {
			isa = PBXResourcesBuildPhase;
			buildActionMask = 2147483647;
			files = (
				6EEF39381B72A673004C2C24 /* Images.xcassets in Resources */,
			);
			runOnlyForDeploymentPostprocessing = 0;
		};
		6EEF393E1B72A673004C2C24 /* Resources */ = {
			isa = PBXResourcesBuildPhase;
			buildActionMask = 2147483647;
			files = (
				6EEF39651B7522F4004C2C24 /* InfoPlist.strings in Resources */,
			);
			runOnlyForDeploymentPostprocessing = 0;
		};
/* End PBXResourcesBuildPhase section */

/* Begin PBXShellScriptBuildPhase section */
		19675E60844CBB13FB5D0049 /* Copy Pods Resources */ = {
			isa = PBXShellScriptBuildPhase;
			buildActionMask = 2147483647;
			files = (
			);
			inputPaths = (
			);
			name = "Copy Pods Resources";
			outputPaths = (
			);
			runOnlyForDeploymentPostprocessing = 0;
			shellPath = /bin/sh;
			shellScript = "\"${SRCROOT}/Pods/Target Support Files/Pods/Pods-resources.sh\"\n";
			showEnvVarsInLog = 0;
		};
		6EC2D4281B771920005684A2 /* Fabric */ = {
			isa = PBXShellScriptBuildPhase;
			buildActionMask = 2147483647;
			files = (
			);
			inputPaths = (
			);
			name = Fabric;
			outputPaths = (
			);
			runOnlyForDeploymentPostprocessing = 0;
			shellPath = /bin/sh;
			shellScript = "\"${PODS_ROOT}/Fabric/Fabric.framework/run\" 712bb567dfea2bd1fb5d31f9a21684b29606c0fb 02ee4df0c78bba95910c8d89a5f68bed1cb88194067999f16ac28a87d5daba5c";
		};
		6EC2D4491B77C941005684A2 /* Check Pods Manifest.lock */ = {
			isa = PBXShellScriptBuildPhase;
			buildActionMask = 2147483647;
			files = (
			);
			inputPaths = (
			);
			name = "Check Pods Manifest.lock";
			outputPaths = (
			);
			runOnlyForDeploymentPostprocessing = 0;
			shellPath = /bin/sh;
			shellScript = "diff \"${PODS_ROOT}/../Podfile.lock\" \"${PODS_ROOT}/Manifest.lock\" > /dev/null\nif [[ $? != 0 ]] ; then\n    cat << EOM\nerror: The sandbox is not in sync with the Podfile.lock. Run 'pod install' or update your CocoaPods installation.\nEOM\n    exit 1\nfi\n";
			showEnvVarsInLog = 0;
		};
		6EC2D4571B77C941005684A2 /* Build Number */ = {
			isa = PBXShellScriptBuildPhase;
			buildActionMask = 8;
			files = (
			);
			inputPaths = (
			);
			name = "Build Number";
			outputPaths = (
			);
			runOnlyForDeploymentPostprocessing = 1;
			shellPath = /bin/sh;
			shellScript = "buildNumber=$(/usr/libexec/PlistBuddy -c \"Print CFBundleVersion\" \"${PROJECT_DIR}/${INFOPLIST_FILE}\")\nbuildNumber=$(($buildNumber + 1))\n/usr/libexec/PlistBuddy -c \"Set :CFBundleVersion $buildNumber\" \"${PROJECT_DIR}/${INFOPLIST_FILE}\"";
		};
		6EC2D4581B77C941005684A2 /* Version Number */ = {
			isa = PBXShellScriptBuildPhase;
			buildActionMask = 8;
			files = (
			);
			inputPaths = (
			);
			name = "Version Number";
			outputPaths = (
			);
			runOnlyForDeploymentPostprocessing = 1;
			shellPath = /bin/sh;
			shellScript = "VERSIONNUM=$(/usr/libexec/PlistBuddy -c \"Print CFBundleShortVersionString\" \"${PROJECT_DIR}/${INFOPLIST_FILE}\")\nNEWSUBVERSION=`echo $VERSIONNUM | awk -F \".\" '{print $3}'`\nNEWSUBVERSION=$(($NEWSUBVERSION + 1))\nNEWVERSIONSTRING=`echo $VERSIONNUM | awk -F \".\" '{print $1 \".\" $2 \".'$NEWSUBVERSION'\" }'`\n/usr/libexec/PlistBuddy -c \"Set :CFBundleShortVersionString $NEWVERSIONSTRING\" \"${PROJECT_DIR}/${INFOPLIST_FILE}\"";
		};
		6EC2D4591B77C941005684A2 /* Copy Pods Resources */ = {
			isa = PBXShellScriptBuildPhase;
			buildActionMask = 2147483647;
			files = (
			);
			inputPaths = (
			);
			name = "Copy Pods Resources";
			outputPaths = (
			);
			runOnlyForDeploymentPostprocessing = 0;
			shellPath = /bin/sh;
			shellScript = "\"${SRCROOT}/Pods/Target Support Files/Pods/Pods-resources.sh\"\n";
			showEnvVarsInLog = 0;
		};
		6EC2D45A1B77C941005684A2 /* Fabric */ = {
			isa = PBXShellScriptBuildPhase;
			buildActionMask = 2147483647;
			files = (
			);
			inputPaths = (
			);
			name = Fabric;
			outputPaths = (
			);
			runOnlyForDeploymentPostprocessing = 0;
			shellPath = /bin/sh;
			shellScript = "\"${PODS_ROOT}/Fabric/Fabric.framework/run\" 712bb567dfea2bd1fb5d31f9a21684b29606c0fb 02ee4df0c78bba95910c8d89a5f68bed1cb88194067999f16ac28a87d5daba5c";
		};
		6EEF395E1B74E3C2004C2C24 /* Build Number */ = {
			isa = PBXShellScriptBuildPhase;
			buildActionMask = 8;
			files = (
			);
			inputPaths = (
			);
			name = "Build Number";
			outputPaths = (
			);
			runOnlyForDeploymentPostprocessing = 1;
			shellPath = /bin/sh;
			shellScript = "buildNumber=$(/usr/libexec/PlistBuddy -c \"Print CFBundleVersion\" \"${PROJECT_DIR}/${INFOPLIST_FILE}\")\nbuildNumber=$(($buildNumber + 1))\n/usr/libexec/PlistBuddy -c \"Set :CFBundleVersion $buildNumber\" \"${PROJECT_DIR}/${INFOPLIST_FILE}\"";
		};
		6EEF395F1B74E983004C2C24 /* Version Number */ = {
			isa = PBXShellScriptBuildPhase;
			buildActionMask = 8;
			files = (
			);
			inputPaths = (
			);
			name = "Version Number";
			outputPaths = (
			);
			runOnlyForDeploymentPostprocessing = 1;
			shellPath = /bin/sh;
			shellScript = "VERSIONNUM=$(/usr/libexec/PlistBuddy -c \"Print CFBundleShortVersionString\" \"${PROJECT_DIR}/${INFOPLIST_FILE}\")\nNEWSUBVERSION=`echo $VERSIONNUM | awk -F \".\" '{print $3}'`\nNEWSUBVERSION=$(($NEWSUBVERSION + 1))\nNEWVERSIONSTRING=`echo $VERSIONNUM | awk -F \".\" '{print $1 \".\" $2 \".'$NEWSUBVERSION'\" }'`\n/usr/libexec/PlistBuddy -c \"Set :CFBundleShortVersionString $NEWVERSIONSTRING\" \"${PROJECT_DIR}/${INFOPLIST_FILE}\"";
		};
		7D9765D41A61B4FD7CE001F2 /* Check Pods Manifest.lock */ = {
			isa = PBXShellScriptBuildPhase;
			buildActionMask = 2147483647;
			files = (
			);
			inputPaths = (
			);
			name = "Check Pods Manifest.lock";
			outputPaths = (
			);
			runOnlyForDeploymentPostprocessing = 0;
			shellPath = /bin/sh;
			shellScript = "diff \"${PODS_ROOT}/../Podfile.lock\" \"${PODS_ROOT}/Manifest.lock\" > /dev/null\nif [[ $? != 0 ]] ; then\n    cat << EOM\nerror: The sandbox is not in sync with the Podfile.lock. Run 'pod install' or update your CocoaPods installation.\nEOM\n    exit 1\nfi\n";
			showEnvVarsInLog = 0;
		};
/* End PBXShellScriptBuildPhase section */

/* Begin PBXSourcesBuildPhase section */
		6EC2D44A1B77C941005684A2 /* Sources */ = {
			isa = PBXSourcesBuildPhase;
			buildActionMask = 2147483647;
			files = (
				6EC2D44B1B77C941005684A2 /* AppDelegate.m in Sources */,
				6EC2D44C1B77C941005684A2 /* main.m in Sources */,
				6EC2D44D1B77C941005684A2 /* ViewController.m in Sources */,
				6EC2D44E1B77C941005684A2 /* OneShot.xcdatamodeld in Sources */,
			);
			runOnlyForDeploymentPostprocessing = 0;
		};
		6EEF39201B72A672004C2C24 /* Sources */ = {
			isa = PBXSourcesBuildPhase;
			buildActionMask = 2147483647;
			files = (
				6EEF392D1B72A672004C2C24 /* AppDelegate.m in Sources */,
				6EEF392A1B72A672004C2C24 /* main.m in Sources */,
				6EEF39331B72A673004C2C24 /* ViewController.m in Sources */,
				6EEF39301B72A672004C2C24 /* OneShot.xcdatamodeld in Sources */,
			);
			runOnlyForDeploymentPostprocessing = 0;
		};
		6EEF393C1B72A673004C2C24 /* Sources */ = {
			isa = PBXSourcesBuildPhase;
			buildActionMask = 2147483647;
			files = (
				6EEF39471B72A673004C2C24 /* OneShotTests.m in Sources */,
			);
			runOnlyForDeploymentPostprocessing = 0;
		};
/* End PBXSourcesBuildPhase section */

/* Begin PBXTargetDependency section */
		6EEF39421B72A673004C2C24 /* PBXTargetDependency */ = {
			isa = PBXTargetDependency;
			target = 6EEF39231B72A672004C2C24 /* OneShot */;
			targetProxy = 6EEF39411B72A673004C2C24 /* PBXContainerItemProxy */;
		};
/* End PBXTargetDependency section */

/* Begin PBXVariantGroup section */
		6EC2D4641B77CF21005684A2 /* Info-beta.plist */ = {
			isa = PBXVariantGroup;
			children = (
				6EC2D4651B77CF21005684A2 /* Base */,
			);
			name = "Info-beta.plist";
			sourceTree = "<group>";
		};
		6EEF39341B72A673004C2C24 /* Main.storyboard */ = {
			isa = PBXVariantGroup;
			children = (
				6EEF39351B72A673004C2C24 /* Base */,
				6EC2D4701B79C810005684A2 /* zh-Hant */,
			);
			name = Main.storyboard;
			sourceTree = "<group>";
		};
		6EEF39391B72A673004C2C24 /* LaunchScreen.xib */ = {
			isa = PBXVariantGroup;
			children = (
				6EEF393A1B72A673004C2C24 /* Base */,
				6EEF39611B7521E0004C2C24 /* zh-Hant */,
			);
			name = LaunchScreen.xib;
			sourceTree = "<group>";
		};
		6EEF395A1B74DC4F004C2C24 /* Localizable.strings */ = {
			isa = PBXVariantGroup;
			children = (
				6EEF39591B74DC4F004C2C24 /* Base */,
				6EEF39621B7521E0004C2C24 /* zh-Hant */,
			);
			name = Localizable.strings;
			sourceTree = "<group>";
		};
		6EEF39671B7522F4004C2C24 /* InfoPlist.strings */ = {
			isa = PBXVariantGroup;
			children = (
				6EEF39661B7522F4004C2C24 /* zh-Hant */,
			);
			name = InfoPlist.strings;
			sourceTree = "<group>";
		};
		6EEF396C1B7522F4004C2C24 /* InfoPlist.strings */ = {
			isa = PBXVariantGroup;
			children = (
				6EEF396B1B7522F4004C2C24 /* zh-Hant */,
			);
			name = InfoPlist.strings;
			sourceTree = "<group>";
		};
		6EEF396E1B75238D004C2C24 /* Info.plist */ = {
			isa = PBXVariantGroup;
			children = (
				6EEF396D1B75238D004C2C24 /* Base */,
			);
			name = Info.plist;
			sourceTree = "<group>";
		};
/* End PBXVariantGroup section */

/* Begin XCBuildConfiguration section */
		6EC2D45C1B77C941005684A2 /* Debug */ = {
			isa = XCBuildConfiguration;
			baseConfigurationReference = 3D37D06452405FD3CB83521C /* Pods.debug.xcconfig */;
			buildSettings = {
				ASSETCATALOG_COMPILER_APPICON_NAME = AppIcon;
				CODE_SIGN_IDENTITY = "iPhone Developer";
				INFOPLIST_FILE = "OneShot/Base.lproj/Info-beta.plist";
				LD_RUNPATH_SEARCH_PATHS = "$(inherited) @executable_path/Frameworks";
				PRODUCT_NAME = "OneShot beta";
			};
			name = Debug;
		};
		6EC2D45D1B77C941005684A2 /* Release */ = {
			isa = XCBuildConfiguration;
			baseConfigurationReference = FD62539A3B82CC8CB6AE8C85 /* Pods.release.xcconfig */;
			buildSettings = {
				ASSETCATALOG_COMPILER_APPICON_NAME = AppIcon;
				CODE_SIGN_IDENTITY = "iPhone Developer";
				INFOPLIST_FILE = "OneShot/Base.lproj/Info-beta.plist";
				LD_RUNPATH_SEARCH_PATHS = "$(inherited) @executable_path/Frameworks";
				PRODUCT_NAME = "OneShot beta";
			};
			name = Release;
		};
		6EEF39481B72A673004C2C24 /* Debug */ = {
			isa = XCBuildConfiguration;
			buildSettings = {
				ALWAYS_SEARCH_USER_PATHS = NO;
				CLANG_CXX_LANGUAGE_STANDARD = "gnu++0x";
				CLANG_CXX_LIBRARY = "libc++";
				CLANG_ENABLE_MODULES = YES;
				CLANG_ENABLE_OBJC_ARC = YES;
				CLANG_WARN_BOOL_CONVERSION = YES;
				CLANG_WARN_CONSTANT_CONVERSION = YES;
				CLANG_WARN_DIRECT_OBJC_ISA_USAGE = YES_ERROR;
				CLANG_WARN_EMPTY_BODY = YES;
				CLANG_WARN_ENUM_CONVERSION = YES;
				CLANG_WARN_INT_CONVERSION = YES;
				CLANG_WARN_OBJC_ROOT_CLASS = YES_ERROR;
				CLANG_WARN_UNREACHABLE_CODE = YES;
				CLANG_WARN__DUPLICATE_METHOD_MATCH = YES;
				"CODE_SIGN_IDENTITY[sdk=iphoneos*]" = "iPhone Developer";
				COPY_PHASE_STRIP = NO;
				DEBUG_INFORMATION_FORMAT = "dwarf-with-dsym";
				ENABLE_STRICT_OBJC_MSGSEND = YES;
				GCC_C_LANGUAGE_STANDARD = gnu99;
				GCC_DYNAMIC_NO_PIC = NO;
				GCC_NO_COMMON_BLOCKS = YES;
				GCC_OPTIMIZATION_LEVEL = 0;
				GCC_PREPROCESSOR_DEFINITIONS = (
					"DEBUG=1",
					"$(inherited)",
				);
				GCC_SYMBOLS_PRIVATE_EXTERN = NO;
				GCC_WARN_64_TO_32_BIT_CONVERSION = YES;
				GCC_WARN_ABOUT_RETURN_TYPE = YES_ERROR;
				GCC_WARN_UNDECLARED_SELECTOR = YES;
				GCC_WARN_UNINITIALIZED_AUTOS = YES_AGGRESSIVE;
				GCC_WARN_UNUSED_FUNCTION = YES;
				GCC_WARN_UNUSED_VARIABLE = YES;
				IPHONEOS_DEPLOYMENT_TARGET = 8.4;
				MTL_ENABLE_DEBUG_INFO = YES;
				ONLY_ACTIVE_ARCH = YES;
				SDKROOT = iphoneos;
			};
			name = Debug;
		};
		6EEF39491B72A673004C2C24 /* Release */ = {
			isa = XCBuildConfiguration;
			buildSettings = {
				ALWAYS_SEARCH_USER_PATHS = NO;
				CLANG_CXX_LANGUAGE_STANDARD = "gnu++0x";
				CLANG_CXX_LIBRARY = "libc++";
				CLANG_ENABLE_MODULES = YES;
				CLANG_ENABLE_OBJC_ARC = YES;
				CLANG_WARN_BOOL_CONVERSION = YES;
				CLANG_WARN_CONSTANT_CONVERSION = YES;
				CLANG_WARN_DIRECT_OBJC_ISA_USAGE = YES_ERROR;
				CLANG_WARN_EMPTY_BODY = YES;
				CLANG_WARN_ENUM_CONVERSION = YES;
				CLANG_WARN_INT_CONVERSION = YES;
				CLANG_WARN_OBJC_ROOT_CLASS = YES_ERROR;
				CLANG_WARN_UNREACHABLE_CODE = YES;
				CLANG_WARN__DUPLICATE_METHOD_MATCH = YES;
				"CODE_SIGN_IDENTITY[sdk=iphoneos*]" = "iPhone Developer";
				COPY_PHASE_STRIP = NO;
				DEBUG_INFORMATION_FORMAT = "dwarf-with-dsym";
				ENABLE_NS_ASSERTIONS = NO;
				ENABLE_STRICT_OBJC_MSGSEND = YES;
				GCC_C_LANGUAGE_STANDARD = gnu99;
				GCC_NO_COMMON_BLOCKS = YES;
				GCC_WARN_64_TO_32_BIT_CONVERSION = YES;
				GCC_WARN_ABOUT_RETURN_TYPE = YES_ERROR;
				GCC_WARN_UNDECLARED_SELECTOR = YES;
				GCC_WARN_UNINITIALIZED_AUTOS = YES_AGGRESSIVE;
				GCC_WARN_UNUSED_FUNCTION = YES;
				GCC_WARN_UNUSED_VARIABLE = YES;
				IPHONEOS_DEPLOYMENT_TARGET = 8.4;
				MTL_ENABLE_DEBUG_INFO = NO;
				SDKROOT = iphoneos;
				VALIDATE_PRODUCT = YES;
			};
			name = Release;
		};
		6EEF394B1B72A673004C2C24 /* Debug */ = {
			isa = XCBuildConfiguration;
			baseConfigurationReference = 3D37D06452405FD3CB83521C /* Pods.debug.xcconfig */;
			buildSettings = {
				ASSETCATALOG_COMPILER_APPICON_NAME = AppIcon;
				CODE_SIGN_IDENTITY = "iPhone Developer";
				INFOPLIST_FILE = OneShot/Base.lproj/Info.plist;
				LD_RUNPATH_SEARCH_PATHS = "$(inherited) @executable_path/Frameworks";
				PRODUCT_NAME = "$(TARGET_NAME)";
			};
			name = Debug;
		};
		6EEF394C1B72A673004C2C24 /* Release */ = {
			isa = XCBuildConfiguration;
			baseConfigurationReference = FD62539A3B82CC8CB6AE8C85 /* Pods.release.xcconfig */;
			buildSettings = {
				ASSETCATALOG_COMPILER_APPICON_NAME = AppIcon;
				CODE_SIGN_IDENTITY = "iPhone Developer";
				INFOPLIST_FILE = OneShot/Base.lproj/Info.plist;
				LD_RUNPATH_SEARCH_PATHS = "$(inherited) @executable_path/Frameworks";
				PRODUCT_NAME = "$(TARGET_NAME)";
			};
			name = Release;
		};
		6EEF394E1B72A673004C2C24 /* Debug */ = {
			isa = XCBuildConfiguration;
			buildSettings = {
				BUNDLE_LOADER = "$(TEST_HOST)";
				FRAMEWORK_SEARCH_PATHS = (
					"$(SDKROOT)/Developer/Library/Frameworks",
					"$(inherited)",
				);
				GCC_PREPROCESSOR_DEFINITIONS = (
					"DEBUG=1",
					"$(inherited)",
				);
				INFOPLIST_FILE = OneShotTests/Info.plist;
				LD_RUNPATH_SEARCH_PATHS = "$(inherited) @executable_path/Frameworks @loader_path/Frameworks";
				PRODUCT_NAME = "$(TARGET_NAME)";
				TEST_HOST = "$(BUILT_PRODUCTS_DIR)/OneShot.app/OneShot";
			};
			name = Debug;
		};
		6EEF394F1B72A673004C2C24 /* Release */ = {
			isa = XCBuildConfiguration;
			buildSettings = {
				BUNDLE_LOADER = "$(TEST_HOST)";
				FRAMEWORK_SEARCH_PATHS = (
					"$(SDKROOT)/Developer/Library/Frameworks",
					"$(inherited)",
				);
				INFOPLIST_FILE = OneShotTests/Info.plist;
				LD_RUNPATH_SEARCH_PATHS = "$(inherited) @executable_path/Frameworks @loader_path/Frameworks";
				PRODUCT_NAME = "$(TARGET_NAME)";
				TEST_HOST = "$(BUILT_PRODUCTS_DIR)/OneShot.app/OneShot";
			};
			name = Release;
		};
/* End XCBuildConfiguration section */

/* Begin XCConfigurationList section */
		6EC2D45B1B77C941005684A2 /* Build configuration list for PBXNativeTarget "OneShot beta" */ = {
			isa = XCConfigurationList;
			buildConfigurations = (
				6EC2D45C1B77C941005684A2 /* Debug */,
				6EC2D45D1B77C941005684A2 /* Release */,
			);
			defaultConfigurationIsVisible = 0;
			defaultConfigurationName = Release;
		};
		6EEF391F1B72A672004C2C24 /* Build configuration list for PBXProject "OneShot" */ = {
			isa = XCConfigurationList;
			buildConfigurations = (
				6EEF39481B72A673004C2C24 /* Debug */,
				6EEF39491B72A673004C2C24 /* Release */,
			);
			defaultConfigurationIsVisible = 0;
			defaultConfigurationName = Release;
		};
		6EEF394A1B72A673004C2C24 /* Build configuration list for PBXNativeTarget "OneShot" */ = {
			isa = XCConfigurationList;
			buildConfigurations = (
				6EEF394B1B72A673004C2C24 /* Debug */,
				6EEF394C1B72A673004C2C24 /* Release */,
			);
			defaultConfigurationIsVisible = 0;
			defaultConfigurationName = Release;
		};
		6EEF394D1B72A673004C2C24 /* Build configuration list for PBXNativeTarget "OneShotTests" */ = {
			isa = XCConfigurationList;
			buildConfigurations = (
				6EEF394E1B72A673004C2C24 /* Debug */,
				6EEF394F1B72A673004C2C24 /* Release */,
			);
			defaultConfigurationIsVisible = 0;
			defaultConfigurationName = Release;
		};
/* End XCConfigurationList section */

/* Begin XCVersionGroup section */
		6EEF392E1B72A672004C2C24 /* OneShot.xcdatamodeld */ = {
			isa = XCVersionGroup;
			children = (
				6EEF392F1B72A672004C2C24 /* OneShot.xcdatamodel */,
			);
			currentVersion = 6EEF392F1B72A672004C2C24 /* OneShot.xcdatamodel */;
			path = OneShot.xcdatamodeld;
			sourceTree = "<group>";
			versionGroupType = wrapper.xcdatamodel;
		};
/* End XCVersionGroup section */
	};
	rootObject = 6EEF391C1B72A672004C2C24 /* Project object */;
}
